# This file is automatically @generated by Poetry 1.8.3 and should not be changed by hand.

[[package]]
name = "aiosmtpd"
version = "1.4.6"
description = "aiosmtpd - asyncio based SMTP server"
optional = false
python-versions = ">=3.8"
files = [
    {file = "aiosmtpd-1.4.6-py3-none-any.whl", hash = "sha256:72c99179ba5aa9ae0abbda6994668239b64a5ce054471955fe75f581d2592475"},
    {file = "aiosmtpd-1.4.6.tar.gz", hash = "sha256:5a811826e1a5a06c25ebc3e6c4a704613eb9a1bcf6b78428fbe865f4f6c9a4b8"},
]

[package.dependencies]
atpublic = "*"
attrs = "*"

[[package]]
name = "atpublic"
version = "4.1.0"
description = "Keep all y'all's __all__'s in sync"
optional = false
python-versions = ">=3.8"
files = [
    {file = "atpublic-4.1.0-py3-none-any.whl", hash = "sha256:df90de1162b1a941ee486f484691dc7c33123ee638ea5d6ca604061306e0fdde"},
    {file = "atpublic-4.1.0.tar.gz", hash = "sha256:d1c8cd931af7461f6d18bc6063383e8654d9e9ef19d58ee6dc01e8515bbf55df"},
]

[[package]]
name = "attrs"
version = "23.2.0"
description = "Classes Without Boilerplate"
optional = false
python-versions = ">=3.7"
files = [
    {file = "attrs-23.2.0-py3-none-any.whl", hash = "sha256:99b87a485a5820b23b879f04c2305b44b951b502fd64be915879d77a7e8fc6f1"},
    {file = "attrs-23.2.0.tar.gz", hash = "sha256:935dc3b529c262f6cf76e50877d35a4bd3c1de194fd41f47a2b7ae8f19971f30"},
]

[package.extras]
cov = ["attrs[tests]", "coverage[toml] (>=5.3)"]
dev = ["attrs[tests]", "pre-commit"]
docs = ["furo", "myst-parser", "sphinx", "sphinx-notfound-page", "sphinxcontrib-towncrier", "towncrier", "zope-interface"]
tests = ["attrs[tests-no-zope]", "zope-interface"]
tests-mypy = ["mypy (>=1.6)", "pytest-mypy-plugins"]
tests-no-zope = ["attrs[tests-mypy]", "cloudpickle", "hypothesis", "pympler", "pytest (>=4.3.0)", "pytest-xdist[psutil]"]

[[package]]
name = "pika"
version = "1.3.2"
description = "Pika Python AMQP Client Library"
optional = false
python-versions = ">=3.7"
files = [
    {file = "pika-1.3.2-py3-none-any.whl", hash = "sha256:0779a7c1fafd805672796085560d290213a465e4f6f76a6fb19e378d8041a14f"},
    {file = "pika-1.3.2.tar.gz", hash = "sha256:b2a327ddddf8570b4965b3576ac77091b850262d34ce8c1d8cb4e4146aa4145f"},
]

[package.extras]
gevent = ["gevent"]
tornado = ["tornado"]
twisted = ["twisted"]

[[package]]
name = "python-dotenv"
version = "1.0.1"
description = "Read key-value pairs from a .env file and set them as environment variables"
optional = false
python-versions = ">=3.8"
files = [
    {file = "python-dotenv-1.0.1.tar.gz", hash = "sha256:e324ee90a023d808f1959c46bcbc04446a10ced277783dc6ee09987c37ec10ca"},
    {file = "python_dotenv-1.0.1-py3-none-any.whl", hash = "sha256:f7b63ef50f1b690dddf550d03497b66d609393b40b564ed0d674909a68ebf16a"},
]

[package.extras]
cli = ["click (>=5.0)"]

[metadata]
lock-version = "2.0"
python-versions = "^3.11"
content-hash = "a0e5e1785def9f244c06f7a4ad069fb36ccca8fe86bd5581e7e8d916fb24be9c"
